// !$*UTF8*$!
{
	archiveVersion = 1;
	classes = {
	};
	objectVersion = 46;
	objects = {

/* Begin PBXBuildFile section */
		450D93241D56AF4300CB52E2 /* Photo+CoreDataProperties.swift in Sources */ = {isa = PBXBuildFile; fileRef = 450D93221D56AF4300CB52E2 /* Photo+CoreDataProperties.swift */; };
		450D93251D56AF4300CB52E2 /* Pin+CoreDataProperties.swift in Sources */ = {isa = PBXBuildFile; fileRef = 450D93231D56AF4300CB52E2 /* Pin+CoreDataProperties.swift */; };
		451604941D565DA600F1E6F9 /* AppDelegate.swift in Sources */ = {isa = PBXBuildFile; fileRef = 451604931D565DA600F1E6F9 /* AppDelegate.swift */; };
		451604961D565DA600F1E6F9 /* MapViewController.swift in Sources */ = {isa = PBXBuildFile; fileRef = 451604951D565DA600F1E6F9 /* MapViewController.swift */; };
		451604991D565DA600F1E6F9 /* Main.storyboard in Resources */ = {isa = PBXBuildFile; fileRef = 451604971D565DA600F1E6F9 /* Main.storyboard */; };
		4516049B1D565DA600F1E6F9 /* Assets.xcassets in Resources */ = {isa = PBXBuildFile; fileRef = 4516049A1D565DA600F1E6F9 /* Assets.xcassets */; };
		4516049E1D565DA600F1E6F9 /* LaunchScreen.storyboard in Resources */ = {isa = PBXBuildFile; fileRef = 4516049C1D565DA600F1E6F9 /* LaunchScreen.storyboard */; };
		451604A91D565DA600F1E6F9 /* VirtualTouristTests.swift in Sources */ = {isa = PBXBuildFile; fileRef = 451604A81D565DA600F1E6F9 /* VirtualTouristTests.swift */; };
		451604B41D565DA600F1E6F9 /* VirtualTouristUITests.swift in Sources */ = {isa = PBXBuildFile; fileRef = 451604B31D565DA600F1E6F9 /* VirtualTouristUITests.swift */; };
		451604C21D565E5600F1E6F9 /* MapKit.framework in Frameworks */ = {isa = PBXBuildFile; fileRef = 451604C11D565E5600F1E6F9 /* MapKit.framework */; };
		451604C71D5683BF00F1E6F9 /* Model.xcdatamodeld in Sources */ = {isa = PBXBuildFile; fileRef = 451604C51D5683BF00F1E6F9 /* Model.xcdatamodeld */; };
		451604CC1D56946D00F1E6F9 /* CoreDataStack.swift in Sources */ = {isa = PBXBuildFile; fileRef = 451604CB1D56946D00F1E6F9 /* CoreDataStack.swift */; };
		454BA26A1D5A03700026A3D1 /* Pin.swift in Sources */ = {isa = PBXBuildFile; fileRef = 454BA2681D5A03700026A3D1 /* Pin.swift */; };
		454BA26B1D5A03700026A3D1 /* Photo.swift in Sources */ = {isa = PBXBuildFile; fileRef = 454BA2691D5A03700026A3D1 /* Photo.swift */; };
		455384791D5857E1008809FA /* PhotoAlbumViewController.swift in Sources */ = {isa = PBXBuildFile; fileRef = 455384781D5857E1008809FA /* PhotoAlbumViewController.swift */; };
		45FD14F91D597CAE00B406A6 /* FlickrAPI.swift in Sources */ = {isa = PBXBuildFile; fileRef = 45FD14F81D597CAE00B406A6 /* FlickrAPI.swift */; };
		45FD14FB1D597D7700B406A6 /* FlickrAPIConstants.swift in Sources */ = {isa = PBXBuildFile; fileRef = 45FD14FA1D597D7700B406A6 /* FlickrAPIConstants.swift */; };
/* End PBXBuildFile section */

/* Begin PBXContainerItemProxy section */
		451604A51D565DA600F1E6F9 /* PBXContainerItemProxy */ = {
			isa = PBXContainerItemProxy;
			containerPortal = 451604881D565DA600F1E6F9 /* Project object */;
			proxyType = 1;
			remoteGlobalIDString = 4516048F1D565DA600F1E6F9;
			remoteInfo = VirtualTourist;
		};
		451604B01D565DA600F1E6F9 /* PBXContainerItemProxy */ = {
			isa = PBXContainerItemProxy;
			containerPortal = 451604881D565DA600F1E6F9 /* Project object */;
			proxyType = 1;
			remoteGlobalIDString = 4516048F1D565DA600F1E6F9;
			remoteInfo = VirtualTourist;
		};
/* End PBXContainerItemProxy section */

/* Begin PBXFileReference section */
		450D93221D56AF4300CB52E2 /* Photo+CoreDataProperties.swift */ = {isa = PBXFileReference; fileEncoding = 4; lastKnownFileType = sourcecode.swift; path = "Photo+CoreDataProperties.swift"; sourceTree = "<group>"; };
		450D93231D56AF4300CB52E2 /* Pin+CoreDataProperties.swift */ = {isa = PBXFileReference; fileEncoding = 4; lastKnownFileType = sourcecode.swift; path = "Pin+CoreDataProperties.swift"; sourceTree = "<group>"; };
		451604901D565DA600F1E6F9 /* VirtualTourist.app */ = {isa = PBXFileReference; explicitFileType = wrapper.application; includeInIndex = 0; path = VirtualTourist.app; sourceTree = BUILT_PRODUCTS_DIR; };
		451604931D565DA600F1E6F9 /* AppDelegate.swift */ = {isa = PBXFileReference; lastKnownFileType = sourcecode.swift; path = AppDelegate.swift; sourceTree = "<group>"; };
		451604951D565DA600F1E6F9 /* MapViewController.swift */ = {isa = PBXFileReference; lastKnownFileType = sourcecode.swift; path = MapViewController.swift; sourceTree = "<group>"; };
		451604981D565DA600F1E6F9 /* Base */ = {isa = PBXFileReference; lastKnownFileType = file.storyboard; name = Base; path = Base.lproj/Main.storyboard; sourceTree = "<group>"; };
		4516049A1D565DA600F1E6F9 /* Assets.xcassets */ = {isa = PBXFileReference; lastKnownFileType = folder.assetcatalog; path = Assets.xcassets; sourceTree = "<group>"; };
		4516049D1D565DA600F1E6F9 /* Base */ = {isa = PBXFileReference; lastKnownFileType = file.storyboard; name = Base; path = Base.lproj/LaunchScreen.storyboard; sourceTree = "<group>"; };
		4516049F1D565DA600F1E6F9 /* Info.plist */ = {isa = PBXFileReference; lastKnownFileType = text.plist.xml; path = Info.plist; sourceTree = "<group>"; };
		451604A41D565DA600F1E6F9 /* VirtualTouristTests.xctest */ = {isa = PBXFileReference; explicitFileType = wrapper.cfbundle; includeInIndex = 0; path = VirtualTouristTests.xctest; sourceTree = BUILT_PRODUCTS_DIR; };
		451604A81D565DA600F1E6F9 /* VirtualTouristTests.swift */ = {isa = PBXFileReference; lastKnownFileType = sourcecode.swift; path = VirtualTouristTests.swift; sourceTree = "<group>"; };
		451604AA1D565DA600F1E6F9 /* Info.plist */ = {isa = PBXFileReference; lastKnownFileType = text.plist.xml; path = Info.plist; sourceTree = "<group>"; };
		451604AF1D565DA600F1E6F9 /* VirtualTouristUITests.xctest */ = {isa = PBXFileReference; explicitFileType = wrapper.cfbundle; includeInIndex = 0; path = VirtualTouristUITests.xctest; sourceTree = BUILT_PRODUCTS_DIR; };
		451604B31D565DA600F1E6F9 /* VirtualTouristUITests.swift */ = {isa = PBXFileReference; lastKnownFileType = sourcecode.swift; path = VirtualTouristUITests.swift; sourceTree = "<group>"; };
		451604B51D565DA600F1E6F9 /* Info.plist */ = {isa = PBXFileReference; lastKnownFileType = text.plist.xml; path = Info.plist; sourceTree = "<group>"; };
		451604C11D565E5600F1E6F9 /* MapKit.framework */ = {isa = PBXFileReference; lastKnownFileType = wrapper.framework; name = MapKit.framework; path = System/Library/Frameworks/MapKit.framework; sourceTree = SDKROOT; };
		451604C61D5683BF00F1E6F9 /* Model.xcdatamodel */ = {isa = PBXFileReference; lastKnownFileType = wrapper.xcdatamodel; path = Model.xcdatamodel; sourceTree = "<group>"; };
		451604CB1D56946D00F1E6F9 /* CoreDataStack.swift */ = {isa = PBXFileReference; fileEncoding = 4; lastKnownFileType = sourcecode.swift; path = CoreDataStack.swift; sourceTree = "<group>"; };
		454BA2681D5A03700026A3D1 /* Pin.swift */ = {isa = PBXFileReference; fileEncoding = 4; lastKnownFileType = sourcecode.swift; path = Pin.swift; sourceTree = "<group>"; };
		454BA2691D5A03700026A3D1 /* Photo.swift */ = {isa = PBXFileReference; fileEncoding = 4; lastKnownFileType = sourcecode.swift; path = Photo.swift; sourceTree = "<group>"; };
		455384781D5857E1008809FA /* PhotoAlbumViewController.swift */ = {isa = PBXFileReference; fileEncoding = 4; lastKnownFileType = sourcecode.swift; path = PhotoAlbumViewController.swift; sourceTree = "<group>"; };
		45FD14F81D597CAE00B406A6 /* FlickrAPI.swift */ = {isa = PBXFileReference; fileEncoding = 4; lastKnownFileType = sourcecode.swift; path = FlickrAPI.swift; sourceTree = "<group>"; };
		45FD14FA1D597D7700B406A6 /* FlickrAPIConstants.swift */ = {isa = PBXFileReference; fileEncoding = 4; lastKnownFileType = sourcecode.swift; path = FlickrAPIConstants.swift; sourceTree = "<group>"; };
/* End PBXFileReference section */

/* Begin PBXFrameworksBuildPhase section */
		4516048D1D565DA600F1E6F9 /* Frameworks */ = {
			isa = PBXFrameworksBuildPhase;
			buildActionMask = 2147483647;
			files = (
				451604C21D565E5600F1E6F9 /* MapKit.framework in Frameworks */,
			);
			runOnlyForDeploymentPostprocessing = 0;
		};
		451604A11D565DA600F1E6F9 /* Frameworks */ = {
			isa = PBXFrameworksBuildPhase;
			buildActionMask = 2147483647;
			files = (
			);
			runOnlyForDeploymentPostprocessing = 0;
		};
		451604AC1D565DA600F1E6F9 /* Frameworks */ = {
			isa = PBXFrameworksBuildPhase;
			buildActionMask = 2147483647;
			files = (
			);
			runOnlyForDeploymentPostprocessing = 0;
		};
/* End PBXFrameworksBuildPhase section */

/* Begin PBXGroup section */
		451604871D565DA600F1E6F9 = {
			isa = PBXGroup;
			children = (
				451604C11D565E5600F1E6F9 /* MapKit.framework */,
				451604921D565DA600F1E6F9 /* VirtualTourist */,
				451604A71D565DA600F1E6F9 /* VirtualTouristTests */,
				451604B21D565DA600F1E6F9 /* VirtualTouristUITests */,
				451604911D565DA600F1E6F9 /* Products */,
			);
			sourceTree = "<group>";
		};
		451604911D565DA600F1E6F9 /* Products */ = {
			isa = PBXGroup;
			children = (
				451604901D565DA600F1E6F9 /* VirtualTourist.app */,
				451604A41D565DA600F1E6F9 /* VirtualTouristTests.xctest */,
				451604AF1D565DA600F1E6F9 /* VirtualTouristUITests.xctest */,
			);
			name = Products;
			sourceTree = "<group>";
		};
		451604921D565DA600F1E6F9 /* VirtualTourist */ = {
			isa = PBXGroup;
			children = (
				451604931D565DA600F1E6F9 /* AppDelegate.swift */,
				451604CA1D56840900F1E6F9 /* Controller */,
				451604C91D5683E900F1E6F9 /* View */,
				451604C81D5683DC00F1E6F9 /* Model */,
			);
			path = VirtualTourist;
			sourceTree = "<group>";
		};
		451604A71D565DA600F1E6F9 /* VirtualTouristTests */ = {
			isa = PBXGroup;
			children = (
				451604A81D565DA600F1E6F9 /* VirtualTouristTests.swift */,
				451604AA1D565DA600F1E6F9 /* Info.plist */,
			);
			path = VirtualTouristTests;
			sourceTree = "<group>";
		};
		451604B21D565DA600F1E6F9 /* VirtualTouristUITests */ = {
			isa = PBXGroup;
			children = (
				451604B31D565DA600F1E6F9 /* VirtualTouristUITests.swift */,
				451604B51D565DA600F1E6F9 /* Info.plist */,
			);
			path = VirtualTouristUITests;
			sourceTree = "<group>";
		};
		451604C81D5683DC00F1E6F9 /* Model */ = {
			isa = PBXGroup;
			children = (
				45FD14FC1D597E2800B406A6 /* FlickrAPI */,
				45FD14FD1D598DE000B406A6 /* Core Data */,
				4516049F1D565DA600F1E6F9 /* Info.plist */,
				450D93221D56AF4300CB52E2 /* Photo+CoreDataProperties.swift */,
				454BA2691D5A03700026A3D1 /* Photo.swift */,
				450D93231D56AF4300CB52E2 /* Pin+CoreDataProperties.swift */,
				454BA2681D5A03700026A3D1 /* Pin.swift */,
			);
			name = Model;
			sourceTree = "<group>";
		};
		451604C91D5683E900F1E6F9 /* View */ = {
			isa = PBXGroup;
			children = (
				4516049C1D565DA600F1E6F9 /* LaunchScreen.storyboard */,
				451604971D565DA600F1E6F9 /* Main.storyboard */,
				4516049A1D565DA600F1E6F9 /* Assets.xcassets */,
			);
			name = View;
			sourceTree = "<group>";
		};
		451604CA1D56840900F1E6F9 /* Controller */ = {
			isa = PBXGroup;
			children = (
				451604951D565DA600F1E6F9 /* MapViewController.swift */,
				455384781D5857E1008809FA /* PhotoAlbumViewController.swift */,
			);
			name = Controller;
			sourceTree = "<group>";
		};
		45FD14FC1D597E2800B406A6 /* FlickrAPI */ = {
			isa = PBXGroup;
			children = (
				45FD14F81D597CAE00B406A6 /* FlickrAPI.swift */,
				45FD14FA1D597D7700B406A6 /* FlickrAPIConstants.swift */,
			);
			name = FlickrAPI;
			sourceTree = "<group>";
		};
		45FD14FD1D598DE000B406A6 /* Core Data */ = {
			isa = PBXGroup;
			children = (
				451604CB1D56946D00F1E6F9 /* CoreDataStack.swift */,
				451604C51D5683BF00F1E6F9 /* Model.xcdatamodeld */,
			);
			name = "Core Data";
			sourceTree = "<group>";
		};
/* End PBXGroup section */

/* Begin PBXNativeTarget section */
		4516048F1D565DA600F1E6F9 /* VirtualTourist */ = {
			isa = PBXNativeTarget;
			buildConfigurationList = 451604B81D565DA600F1E6F9 /* Build configuration list for PBXNativeTarget "VirtualTourist" */;
			buildPhases = (
				4516048C1D565DA600F1E6F9 /* Sources */,
				4516048D1D565DA600F1E6F9 /* Frameworks */,
				4516048E1D565DA600F1E6F9 /* Resources */,
			);
			buildRules = (
			);
			dependencies = (
			);
			name = VirtualTourist;
			productName = VirtualTourist;
			productReference = 451604901D565DA600F1E6F9 /* VirtualTourist.app */;
			productType = "com.apple.product-type.application";
		};
		451604A31D565DA600F1E6F9 /* VirtualTouristTests */ = {
			isa = PBXNativeTarget;
			buildConfigurationList = 451604BB1D565DA600F1E6F9 /* Build configuration list for PBXNativeTarget "VirtualTouristTests" */;
			buildPhases = (
				451604A01D565DA600F1E6F9 /* Sources */,
				451604A11D565DA600F1E6F9 /* Frameworks */,
				451604A21D565DA600F1E6F9 /* Resources */,
			);
			buildRules = (
			);
			dependencies = (
				451604A61D565DA600F1E6F9 /* PBXTargetDependency */,
			);
			name = VirtualTouristTests;
			productName = VirtualTouristTests;
			productReference = 451604A41D565DA600F1E6F9 /* VirtualTouristTests.xctest */;
			productType = "com.apple.product-type.bundle.unit-test";
		};
		451604AE1D565DA600F1E6F9 /* VirtualTouristUITests */ = {
			isa = PBXNativeTarget;
			buildConfigurationList = 451604BE1D565DA600F1E6F9 /* Build configuration list for PBXNativeTarget "VirtualTouristUITests" */;
			buildPhases = (
				451604AB1D565DA600F1E6F9 /* Sources */,
				451604AC1D565DA600F1E6F9 /* Frameworks */,
				451604AD1D565DA600F1E6F9 /* Resources */,
			);
			buildRules = (
			);
			dependencies = (
				451604B11D565DA600F1E6F9 /* PBXTargetDependency */,
			);
			name = VirtualTouristUITests;
			productName = VirtualTouristUITests;
			productReference = 451604AF1D565DA600F1E6F9 /* VirtualTouristUITests.xctest */;
			productType = "com.apple.product-type.bundle.ui-testing";
		};
/* End PBXNativeTarget section */

/* Begin PBXProject section */
		451604881D565DA600F1E6F9 /* Project object */ = {
			isa = PBXProject;
			attributes = {
				LastSwiftUpdateCheck = 0730;
				LastUpgradeCheck = 0730;
				ORGANIZATIONNAME = "Demetrius Henry";
				TargetAttributes = {
					4516048F1D565DA600F1E6F9 = {
						CreatedOnToolsVersion = 7.3.1;
					};
					451604A31D565DA600F1E6F9 = {
						CreatedOnToolsVersion = 7.3.1;
						TestTargetID = 4516048F1D565DA600F1E6F9;
					};
					451604AE1D565DA600F1E6F9 = {
						CreatedOnToolsVersion = 7.3.1;
						TestTargetID = 4516048F1D565DA600F1E6F9;
					};
				};
			};
			buildConfigurationList = 4516048B1D565DA600F1E6F9 /* Build configuration list for PBXProject "VirtualTourist" */;
			compatibilityVersion = "Xcode 3.2";
			developmentRegion = English;
			hasScannedForEncodings = 0;
			knownRegions = (
				en,
				Base,
			);
			mainGroup = 451604871D565DA600F1E6F9;
			productRefGroup = 451604911D565DA600F1E6F9 /* Products */;
			projectDirPath = "";
			projectRoot = "";
			targets = (
				4516048F1D565DA600F1E6F9 /* VirtualTourist */,
				451604A31D565DA600F1E6F9 /* VirtualTouristTests */,
				451604AE1D565DA600F1E6F9 /* VirtualTouristUITests */,
			);
		};
/* End PBXProject section */

/* Begin PBXResourcesBuildPhase section */
		4516048E1D565DA600F1E6F9 /* Resources */ = {
			isa = PBXResourcesBuildPhase;
			buildActionMask = 2147483647;
			files = (
				4516049E1D565DA600F1E6F9 /* LaunchScreen.storyboard in Resources */,
				4516049B1D565DA600F1E6F9 /* Assets.xcassets in Resources */,
				451604991D565DA600F1E6F9 /* Main.storyboard in Resources */,
			);
			runOnlyForDeploymentPostprocessing = 0;
		};
		451604A21D565DA600F1E6F9 /* Resources */ = {
			isa = PBXResourcesBuildPhase;
			buildActionMask = 2147483647;
			files = (
			);
			runOnlyForDeploymentPostprocessing = 0;
		};
		451604AD1D565DA600F1E6F9 /* Resources */ = {
			isa = PBXResourcesBuildPhase;
			buildActionMask = 2147483647;
			files = (
			);
			runOnlyForDeploymentPostprocessing = 0;
		};
/* End PBXResourcesBuildPhase section */

/* Begin PBXSourcesBuildPhase section */
		4516048C1D565DA600F1E6F9 /* Sources */ = {
			isa = PBXSourcesBuildPhase;
			buildActionMask = 2147483647;
			files = (
				451604CC1D56946D00F1E6F9 /* CoreDataStack.swift in Sources */,
				455384791D5857E1008809FA /* PhotoAlbumViewController.swift in Sources */,
				454BA26A1D5A03700026A3D1 /* Pin.swift in Sources */,
				451604961D565DA600F1E6F9 /* MapViewController.swift in Sources */,
				450D93251D56AF4300CB52E2 /* Pin+CoreDataProperties.swift in Sources */,
				454BA26B1D5A03700026A3D1 /* Photo.swift in Sources */,
				451604941D565DA600F1E6F9 /* AppDelegate.swift in Sources */,
				450D93241D56AF4300CB52E2 /* Photo+CoreDataProperties.swift in Sources */,
				45FD14FB1D597D7700B406A6 /* FlickrAPIConstants.swift in Sources */,
				451604C71D5683BF00F1E6F9 /* Model.xcdatamodeld in Sources */,
				45FD14F91D597CAE00B406A6 /* FlickrAPI.swift in Sources */,
			);
			runOnlyForDeploymentPostprocessing = 0;
		};
		451604A01D565DA600F1E6F9 /* Sources */ = {
			isa = PBXSourcesBuildPhase;
			buildActionMask = 2147483647;
			files = (
				451604A91D565DA600F1E6F9 /* VirtualTouristTests.swift in Sources */,
			);
			runOnlyForDeploymentPostprocessing = 0;
		};
		451604AB1D565DA600F1E6F9 /* Sources */ = {
			isa = PBXSourcesBuildPhase;
			buildActionMask = 2147483647;
			files = (
				451604B41D565DA600F1E6F9 /* VirtualTouristUITests.swift in Sources */,
			);
			runOnlyForDeploymentPostprocessing = 0;
		};
/* End PBXSourcesBuildPhase section */

/* Begin PBXTargetDependency section */
		451604A61D565DA600F1E6F9 /* PBXTargetDependency */ = {
			isa = PBXTargetDependency;
			target = 4516048F1D565DA600F1E6F9 /* VirtualTourist */;
			targetProxy = 451604A51D565DA600F1E6F9 /* PBXContainerItemProxy */;
		};
		451604B11D565DA600F1E6F9 /* PBXTargetDependency */ = {
			isa = PBXTargetDependency;
			target = 4516048F1D565DA600F1E6F9 /* VirtualTourist */;
			targetProxy = 451604B01D565DA600F1E6F9 /* PBXContainerItemProxy */;
		};
/* End PBXTargetDependency section */

/* Begin PBXVariantGroup section */
		451604971D565DA600F1E6F9 /* Main.storyboard */ = {
			isa = PBXVariantGroup;
			children = (
				451604981D565DA600F1E6F9 /* Base */,
			);
			name = Main.storyboard;
			sourceTree = "<group>";
		};
		4516049C1D565DA600F1E6F9 /* LaunchScreen.storyboard */ = {
			isa = PBXVariantGroup;
			children = (
				4516049D1D565DA600F1E6F9 /* Base */,
			);
			name = LaunchScreen.storyboard;
			sourceTree = "<group>";
		};
/* End PBXVariantGroup section */

/* Begin XCBuildConfiguration section */
		451604B61D565DA600F1E6F9 /* Debug */ = {
			isa = XCBuildConfiguration;
			buildSettings = {
				ALWAYS_SEARCH_USER_PATHS = NO;
				CLANG_ANALYZER_NONNULL = YES;
				CLANG_CXX_LANGUAGE_STANDARD = "gnu++0x";
				CLANG_CXX_LIBRARY = "libc++";
				CLANG_ENABLE_MODULES = YES;
				CLANG_ENABLE_OBJC_ARC = YES;
				CLANG_WARN_BOOL_CONVERSION = YES;
				CLANG_WARN_CONSTANT_CONVERSION = YES;
				CLANG_WARN_DIRECT_OBJC_ISA_USAGE = YES_ERROR;
				CLANG_WARN_EMPTY_BODY = YES;
				CLANG_WARN_ENUM_CONVERSION = YES;
				CLANG_WARN_INT_CONVERSION = YES;
				CLANG_WARN_OBJC_ROOT_CLASS = YES_ERROR;
				CLANG_WARN_UNREACHABLE_CODE = YES;
				CLANG_WARN__DUPLICATE_METHOD_MATCH = YES;
				"CODE_SIGN_IDENTITY[sdk=iphoneos*]" = "iPhone Developer";
				COPY_PHASE_STRIP = NO;
				DEBUG_INFORMATION_FORMAT = dwarf;
				ENABLE_STRICT_OBJC_MSGSEND = YES;
				ENABLE_TESTABILITY = YES;
				GCC_C_LANGUAGE_STANDARD = gnu99;
				GCC_DYNAMIC_NO_PIC = NO;
				GCC_NO_COMMON_BLOCKS = YES;
				GCC_OPTIMIZATION_LEVEL = 0;
				GCC_PREPROCESSOR_DEFINITIONS = (
					"DEBUG=1",
					"$(inherited)",
				);
				GCC_WARN_64_TO_32_BIT_CONVERSION = YES;
				GCC_WARN_ABOUT_RETURN_TYPE = YES_ERROR;
				GCC_WARN_UNDECLARED_SELECTOR = YES;
				GCC_WARN_UNINITIALIZED_AUTOS = YES_AGGRESSIVE;
				GCC_WARN_UNUSED_FUNCTION = YES;
				GCC_WARN_UNUSED_VARIABLE = YES;
				IPHONEOS_DEPLOYMENT_TARGET = 9.3;
				MTL_ENABLE_DEBUG_INFO = YES;
				ONLY_ACTIVE_ARCH = YES;
				SDKROOT = iphoneos;
				SWIFT_OPTIMIZATION_LEVEL = "-Onone";
			};
			name = Debug;
		};
		451604B71D565DA600F1E6F9 /* Release */ = {
			isa = XCBuildConfiguration;
			buildSettings = {
				ALWAYS_SEARCH_USER_PATHS = NO;
				CLANG_ANALYZER_NONNULL = YES;
				CLANG_CXX_LANGUAGE_STANDARD = "gnu++0x";
				CLANG_CXX_LIBRARY = "libc++";
				CLANG_ENABLE_MODULES = YES;
				CLANG_ENABLE_OBJC_ARC = YES;
				CLANG_WARN_BOOL_CONVERSION = YES;
				CLANG_WARN_CONSTANT_CONVERSION = YES;
				CLANG_WARN_DIRECT_OBJC_ISA_USAGE = YES_ERROR;
				CLANG_WARN_EMPTY_BODY = YES;
				CLANG_WARN_ENUM_CONVERSION = YES;
				CLANG_WARN_INT_CONVERSION = YES;
				CLANG_WARN_OBJC_ROOT_CLASS = YES_ERROR;
				CLANG_WARN_UNREACHABLE_CODE = YES;
				CLANG_WARN__DUPLICATE_METHOD_MATCH = YES;
				"CODE_SIGN_IDENTITY[sdk=iphoneos*]" = "iPhone Developer";
				COPY_PHASE_STRIP = NO;
				DEBUG_INFORMATION_FORMAT = "dwarf-with-dsym";
				ENABLE_NS_ASSERTIONS = NO;
				ENABLE_STRICT_OBJC_MSGSEND = YES;
				GCC_C_LANGUAGE_STANDARD = gnu99;
				GCC_NO_COMMON_BLOCKS = YES;
				GCC_WARN_64_TO_32_BIT_CONVERSION = YES;
				GCC_WARN_ABOUT_RETURN_TYPE = YES_ERROR;
				GCC_WARN_UNDECLARED_SELECTOR = YES;
				GCC_WARN_UNINITIALIZED_AUTOS = YES_AGGRESSIVE;
				GCC_WARN_UNUSED_FUNCTION = YES;
				GCC_WARN_UNUSED_VARIABLE = YES;
				IPHONEOS_DEPLOYMENT_TARGET = 9.3;
				MTL_ENABLE_DEBUG_INFO = NO;
				SDKROOT = iphoneos;
				VALIDATE_PRODUCT = YES;
			};
			name = Release;
		};
		451604B91D565DA600F1E6F9 /* Debug */ = {
			isa = XCBuildConfiguration;
			buildSettings = {
				ASSETCATALOG_COMPILER_APPICON_NAME = AppIcon;
				INFOPLIST_FILE = VirtualTourist/Info.plist;
				LD_RUNPATH_SEARCH_PATHS = "$(inherited) @executable_path/Frameworks";
				PRODUCT_BUNDLE_IDENTIFIER = DigitalZero.VirtualTourist;
				PRODUCT_NAME = "$(TARGET_NAME)";
			};
			name = Debug;
		};
		451604BA1D565DA600F1E6F9 /* Release */ = {
			isa = XCBuildConfiguration;
			buildSettings = {
				ASSETCATALOG_COMPILER_APPICON_NAME = AppIcon;
				INFOPLIST_FILE = VirtualTourist/Info.plist;
				LD_RUNPATH_SEARCH_PATHS = "$(inherited) @executable_path/Frameworks";
				PRODUCT_BUNDLE_IDENTIFIER = DigitalZero.VirtualTourist;
				PRODUCT_NAME = "$(TARGET_NAME)";
			};
			name = Release;
		};
		451604BC1D565DA600F1E6F9 /* Debug */ = {
			isa = XCBuildConfiguration;
			buildSettings = {
				BUNDLE_LOADER = "$(TEST_HOST)";
				INFOPLIST_FILE = VirtualTouristTests/Info.plist;
				LD_RUNPATH_SEARCH_PATHS = "$(inherited) @executable_path/Frameworks @loader_path/Frameworks";
				PRODUCT_BUNDLE_IDENTIFIER = DigitalZero.VirtualTouristTests;
				PRODUCT_NAME = "$(TARGET_NAME)";
				TEST_HOST = "$(BUILT_PRODUCTS_DIR)/VirtualTourist.app/VirtualTourist";
			};
			name = Debug;
		};
		451604BD1D565DA600F1E6F9 /* Release */ = {
			isa = XCBuildConfiguration;
			buildSettings = {
				BUNDLE_LOADER = "$(TEST_HOST)";
				INFOPLIST_FILE = VirtualTouristTests/Info.plist;
				LD_RUNPATH_SEARCH_PATHS = "$(inherited) @executable_path/Frameworks @loader_path/Frameworks";
				PRODUCT_BUNDLE_IDENTIFIER = DigitalZero.VirtualTouristTests;
				PRODUCT_NAME = "$(TARGET_NAME)";
				TEST_HOST = "$(BUILT_PRODUCTS_DIR)/VirtualTourist.app/VirtualTourist";
			};
			name = Release;
		};
		451604BF1D565DA600F1E6F9 /* Debug */ = {
			isa = XCBuildConfiguration;
			buildSettings = {
				INFOPLIST_FILE = VirtualTouristUITests/Info.plist;
				LD_RUNPATH_SEARCH_PATHS = "$(inherited) @executable_path/Frameworks @loader_path/Frameworks";
				PRODUCT_BUNDLE_IDENTIFIER = DigitalZero.VirtualTouristUITests;
				PRODUCT_NAME = "$(TARGET_NAME)";
				TEST_TARGET_NAME = VirtualTourist;
			};
			name = Debug;
		};
		451604C01D565DA600F1E6F9 /* Release */ = {
			isa = XCBuildConfiguration;
			buildSettings = {
				INFOPLIST_FILE = VirtualTouristUITests/Info.plist;
				LD_RUNPATH_SEARCH_PATHS = "$(inherited) @executable_path/Frameworks @loader_path/Frameworks";
				PRODUCT_BUNDLE_IDENTIFIER = DigitalZero.VirtualTouristUITests;
				PRODUCT_NAME = "$(TARGET_NAME)";
				TEST_TARGET_NAME = VirtualTourist;
			};
			name = Release;
		};
/* End XCBuildConfiguration section */

/* Begin XCConfigurationList section */
		4516048B1D565DA600F1E6F9 /* Build configuration list for PBXProject "VirtualTourist" */ = {
			isa = XCConfigurationList;
			buildConfigurations = (
				451604B61D565DA600F1E6F9 /* Debug */,
				451604B71D565DA600F1E6F9 /* Release */,
			);
			defaultConfigurationIsVisible = 0;
			defaultConfigurationName = Release;
		};
		451604B81D565DA600F1E6F9 /* Build configuration list for PBXNativeTarget "VirtualTourist" */ = {
			isa = XCConfigurationList;
			buildConfigurations = (
				451604B91D565DA600F1E6F9 /* Debug */,
				451604BA1D565DA600F1E6F9 /* Release */,
			);
			defaultConfigurationIsVisible = 0;
			defaultConfigurationName = Release;
		};
		451604BB1D565DA600F1E6F9 /* Build configuration list for PBXNativeTarget "VirtualTouristTests" */ = {
			isa = XCConfigurationList;
			buildConfigurations = (
				451604BC1D565DA600F1E6F9 /* Debug */,
				451604BD1D565DA600F1E6F9 /* Release */,
			);
			defaultConfigurationIsVisible = 0;
			defaultConfigurationName = Release;
		};
		451604BE1D565DA600F1E6F9 /* Build configuration list for PBXNativeTarget "VirtualTouristUITests" */ = {
			isa = XCConfigurationList;
			buildConfigurations = (
				451604BF1D565DA600F1E6F9 /* Debug */,
				451604C01D565DA600F1E6F9 /* Release */,
			);
			defaultConfigurationIsVisible = 0;
			defaultConfigurationName = Release;
		};
/* End XCConfigurationList section */

/* Begin XCVersionGroup section */
		451604C51D5683BF00F1E6F9 /* Model.xcdatamodeld */ = {
			isa = XCVersionGroup;
			children = (
				451604C61D5683BF00F1E6F9 /* Model.xcdatamodel */,
			);
			currentVersion = 451604C61D5683BF00F1E6F9 /* Model.xcdatamodel */;
			path = Model.xcdatamodeld;
			sourceTree = "<group>";
			versionGroupType = wrapper.xcdatamodel;
		};
/* End XCVersionGroup section */
	};
	rootObject = 451604881D565DA600F1E6F9 /* Project object */;
}
